
Microsoft Visual Studio Solution File, Format Version 12.00
# Visual Studio Version 17
VisualStudioVersion = 17.14.36603.0 d17.14
MinimumVisualStudioVersion = 10.0.40219.1
Project("{FAE04EC0-301F-11D3-BF4B-00C04F79EFBC}") = "oxoid-web-scrapring", "oxoid-web-scrapring.csproj", "{724525CF-9D86-4E9F-B151-7CC9921B8B7E}"
EndProject
Global
	GlobalSection(SolutionConfigurationPlatforms) = preSolution
		Debug|Any CPU = Debug|Any CPU
		Release|Any CPU = Release|Any CPU
	EndGlobalSection
	GlobalSection(ProjectConfigurationPlatforms) = postSolution
		{724525CF-9D86-4E9F-B151-7CC9921B8B7E}.Debug|Any CPU.ActiveCfg = Debug|Any CPU
		{724525CF-9D86-4E9F-B151-7CC9921B8B7E}.Debug|Any CPU.Build.0 = Debug|Any CPU
		{724525CF-9D86-4E9F-B151-7CC9921B8B7E}.Release|Any CPU.ActiveCfg = Release|Any CPU
		{724525CF-9D86-4E9F-B151-7CC9921B8B7E}.Release|Any CPU.Build.0 = Release|Any CPU
	EndGlobalSection
	GlobalSection(SolutionProperties) = preSolution
		HideSolutionNode = FALSE
	EndGlobalSection
	GlobalSection(ExtensibilityGlobals) = postSolution
		SolutionGuid = {C1774551-D2D0-4903-B52F-4B74E27243D3}
	EndGlobalSection
EndGlobal
